<Project xmlns="http://schemas.microsoft.com/developer/msbuild/2003">
    <PropertyGroup>
        <ProjectGuid>{312F0C99-8016-4C1D-A4F0-888FC8EED57B}</ProjectGuid>
        <MainSource>JPLib.dpk</MainSource>
        <Base>True</Base>
        <Config Condition="'$(Config)'==''">Release</Config>
        <TargetedPlatforms>3</TargetedPlatforms>
        <AppType>Package</AppType>
        <FrameworkType>VCL</FrameworkType>
        <ProjectVersion>18.8</ProjectVersion>
        <Platform Condition="'$(Platform)'==''">Win32</Platform>
    </PropertyGroup>
    <PropertyGroup Condition="'$(Config)'=='Base' or '$(Base)'!=''">
        <Base>true</Base>
    </PropertyGroup>
    <PropertyGroup Condition="('$(Platform)'=='Win32' and '$(Base)'=='true') or '$(Base_Win32)'!=''">
        <Base_Win32>true</Base_Win32>
        <CfgParent>Base</CfgParent>
        <Base>true</Base>
    </PropertyGroup>
    <PropertyGroup Condition="('$(Platform)'=='Win64' and '$(Base)'=='true') or '$(Base_Win64)'!=''">
        <Base_Win64>true</Base_Win64>
        <CfgParent>Base</CfgParent>
        <Base>true</Base>
    </PropertyGroup>
    <PropertyGroup Condition="'$(Config)'=='Release' or '$(Cfg_1)'!=''">
        <Cfg_1>true</Cfg_1>
        <CfgParent>Base</CfgParent>
        <Base>true</Base>
    </PropertyGroup>
    <PropertyGroup Condition="('$(Platform)'=='Win32' and '$(Cfg_1)'=='true') or '$(Cfg_1_Win32)'!=''">
        <Cfg_1_Win32>true</Cfg_1_Win32>
        <CfgParent>Cfg_1</CfgParent>
        <Cfg_1>true</Cfg_1>
        <Base>true</Base>
    </PropertyGroup>
    <PropertyGroup Condition="('$(Platform)'=='Win64' and '$(Cfg_1)'=='true') or '$(Cfg_1_Win64)'!=''">
        <Cfg_1_Win64>true</Cfg_1_Win64>
        <CfgParent>Cfg_1</CfgParent>
        <Cfg_1>true</Cfg_1>
        <Base>true</Base>
    </PropertyGroup>
    <PropertyGroup Condition="'$(Config)'=='Debug' or '$(Cfg_2)'!=''">
        <Cfg_2>true</Cfg_2>
        <CfgParent>Base</CfgParent>
        <Base>true</Base>
    </PropertyGroup>
    <PropertyGroup Condition="'$(Base)'!=''">
        <DCC_E>false</DCC_E>
        <DCC_F>false</DCC_F>
        <DCC_K>false</DCC_K>
        <DCC_N>false</DCC_N>
        <DCC_S>false</DCC_S>
        <DCC_ImageBase>00400000</DCC_ImageBase>
        <GenDll>true</GenDll>
        <GenPackage>true</GenPackage>
        <SanitizedProjectName>JPLib</SanitizedProjectName>
        <DCC_Description>JPLib Runtime Package</DCC_Description>
        <DllSuffix>Rio</DllSuffix>
        <RuntimeOnlyPackage>true</RuntimeOnlyPackage>
        <DCC_Namespace>Vcl;Vcl.Imaging;Vcl.Touch;Vcl.Samples;Vcl.Shell;System;Xml;Data;Datasnap;Web;Soap;DUnitX.Loggers.GUI;Winapi;System.Win;$(DCC_Namespace)</DCC_Namespace>
        <VerInfo_Locale>1033</VerInfo_Locale>
        <VerInfo_Keys>CompanyName=;FileDescription=;FileVersion=1.0.0.0;InternalName=;LegalCopyright=;LegalTrademarks=;OriginalFilename=;ProductName=;ProductVersion=1.0.0.0;Comments=;CFBundleName=</VerInfo_Keys>
    </PropertyGroup>
    <PropertyGroup Condition="'$(Base_Win32)'!=''">
        <DCC_Namespace>Data.Win;Datasnap.Win;Web.Win;Soap.Win;Xml.Win;Bde;$(DCC_Namespace)</DCC_Namespace>
        <BT_BuildType>Debug</BT_BuildType>
        <VerInfo_IncludeVerInfo>true</VerInfo_IncludeVerInfo>
        <VerInfo_Keys>CompanyName=;FileDescription=$(MSBuildProjectName);FileVersion=1.0.0.0;InternalName=;LegalCopyright=;LegalTrademarks=;OriginalFilename=;ProductName=$(MSBuildProjectName);ProductVersion=1.0.0.0;Comments=;ProgramID=com.embarcadero.$(MSBuildProjectName)</VerInfo_Keys>
        <VerInfo_Locale>1033</VerInfo_Locale>
    </PropertyGroup>
    <PropertyGroup Condition="'$(Base_Win64)'!=''">
        <DCC_Namespace>Data.Win;Datasnap.Win;Web.Win;Soap.Win;Xml.Win;$(DCC_Namespace)</DCC_Namespace>
        <BT_BuildType>Debug</BT_BuildType>
        <VerInfo_IncludeVerInfo>true</VerInfo_IncludeVerInfo>
        <VerInfo_Keys>CompanyName=;FileDescription=$(MSBuildProjectName);FileVersion=1.0.0.0;InternalName=;LegalCopyright=;LegalTrademarks=;OriginalFilename=;ProgramID=com.embarcadero.$(MSBuildProjectName);ProductName=$(MSBuildProjectName);ProductVersion=1.0.0.0;Comments=</VerInfo_Keys>
    </PropertyGroup>
    <PropertyGroup Condition="'$(Cfg_1)'!=''">
        <DCC_Define>RELEASE;$(DCC_Define)</DCC_Define>
        <DCC_DebugInformation>0</DCC_DebugInformation>
        <DCC_LocalDebugSymbols>false</DCC_LocalDebugSymbols>
        <DCC_SymbolReferenceInfo>0</DCC_SymbolReferenceInfo>
    </PropertyGroup>
    <PropertyGroup Condition="'$(Cfg_1_Win32)'!=''">
        <VerInfo_Keys>CompanyName=;FileDescription=$(MSBuildProjectName);FileVersion=1.0.0.0;InternalName=;LegalCopyright=;LegalTrademarks=;OriginalFilename=;ProductName=$(MSBuildProjectName);ProductVersion=1.0.0.0;Comments=;ProgramID=com.embarcadero.$(MSBuildProjectName)</VerInfo_Keys>
    </PropertyGroup>
    <PropertyGroup Condition="'$(Cfg_1_Win64)'!=''">
        <VerInfo_Keys>CompanyName=;FileDescription=$(MSBuildProjectName);FileVersion=1.0.0.0;InternalName=;LegalCopyright=;LegalTrademarks=;OriginalFilename=;ProgramID=com.embarcadero.$(MSBuildProjectName);ProductName=$(MSBuildProjectName);ProductVersion=1.0.0.0;Comments=</VerInfo_Keys>
    </PropertyGroup>
    <PropertyGroup Condition="'$(Cfg_2)'!=''">
        <DCC_Define>DEBUG;$(DCC_Define)</DCC_Define>
        <DCC_Optimize>false</DCC_Optimize>
        <DCC_GenerateStackFrames>true</DCC_GenerateStackFrames>
    </PropertyGroup>
    <ItemGroup>
        <DelphiCompile Include="$(MainSource)">
            <MainSource>MainSource</MainSource>
        </DelphiCompile>
        <DCCReference Include="rtl.dcp"/>
        <DCCReference Include="vcl.dcp"/>
        <DCCReference Include="..\..\Base\JPL.CmdLineParser.pas"/>
        <DCCReference Include="..\..\Base\JPL.Console.ColorParser.pas"/>
        <DCCReference Include="..\..\Base\JPL.Console.pas"/>
        <DCCReference Include="..\..\Base\JPL.ConsoleApp.pas"/>
        <DCCReference Include="..\..\Base\JPL.Conversion.pas"/>
        <DCCReference Include="..\..\Base\JPL.DateTime.pas"/>
        <DCCReference Include="..\..\Base\JPL.Dialogs.pas"/>
        <DCCReference Include="..\..\Base\JPL.Files.pas"/>
        <DCCReference Include="..\..\Base\JPL.FileSearch.pas"/>
        <DCCReference Include="..\..\Base\JPL.IniFile.pas"/>
        <DCCReference Include="..\..\Base\JPL.LangMgr.pas"/>
        <DCCReference Include="..\..\Base\JPL.Language.pas"/>
        <DCCReference Include="..\..\Base\JPL.Math.pas"/>
        <DCCReference Include="..\..\Base\JPL.MemIniFile.pas"/>
        <DCCReference Include="..\..\Base\JPL.RTTI.pas"/>
        <DCCReference Include="..\..\Base\JPL.StrHash.pas"/>
        <DCCReference Include="..\..\Base\JPL.Strings.pas"/>
        <DCCReference Include="..\..\Base\JPL.Strings.Ext.pas"/>
        <DCCReference Include="..\..\Base\JPL.TStr.pas"/>
        <DCCReference Include="..\..\Base\JPL.Units.pas"/>
        <DCCReference Include="..\..\Base\JPL.Utils.pas"/>
        <DCCReference Include="..\..\Base\JPL.Win.Dialogs.pas"/>
        <DCCReference Include="..\..\Base\JPL.Win.FileSystem.pas"/>
        <DCCReference Include="..\..\Base\JPL.Win.Processes.pas"/>
        <DCCReference Include="..\..\Base\JPL.Win.Shortcuts.pas"/>
        <DCCReference Include="..\..\Base\JPL.Win.System.pas"/>
        <DCCReference Include="..\..\Base\JPL.Win.VersionInfo.pas"/>
        <DCCReference Include="..\..\Base\JPL.Win.SimpleTimer.pas"/>
        <DCCReference Include="..\..\Binary\JPL.Binary.Elf.pas"/>
        <DCCReference Include="..\..\Binary\JPL.Binary.Mach.Types.pas"/>
        <DCCReference Include="..\..\Binary\JPL.Binary.MachFat.pas"/>
        <DCCReference Include="..\..\Binary\JPL.Binary.MachO.pas"/>
        <DCCReference Include="..\..\Binary\JPL.Binary.Misc.pas"/>
        <DCCReference Include="..\..\Binary\JPL.Binary.Pe.pas"/>
        <DCCReference Include="..\..\Binary\JPL.Binary.Procs.pas"/>
        <DCCReference Include="..\..\Binary\JPL.Binary.Types.pas"/>
        <DCCReference Include="..\..\Binary\JPL.UPX.pas"/>
        <DCCReference Include="..\..\Containers\JPL.Win.FileIcons.pas"/>
        <DCCReference Include="..\..\Containers\JPL.StrList.pas"/>
        <DCCReference Include="..\..\Graphics\JPL.ColorArrays.pas"/>
        <DCCReference Include="..\..\Graphics\JPL.Colors.ColorClass.pas"/>
        <DCCReference Include="..\..\Graphics\JPL.Colors.List.pas"/>
        <DCCReference Include="..\..\Graphics\JPL.Colors.pas"/>
        <DCCReference Include="..\..\Logging\JPL.SimpleLogger.pas"/>
        <DCCReference Include="..\..\Logging\JPL.TimeLogger.pas"/>
        <BuildConfiguration Include="Debug">
            <Key>Cfg_2</Key>
            <CfgParent>Base</CfgParent>
        </BuildConfiguration>
        <BuildConfiguration Include="Base">
            <Key>Base</Key>
        </BuildConfiguration>
        <BuildConfiguration Include="Release">
            <Key>Cfg_1</Key>
            <CfgParent>Base</CfgParent>
        </BuildConfiguration>
    </ItemGroup>
    <ProjectExtensions>
        <Borland.Personality>Delphi.Personality.12</Borland.Personality>
        <Borland.ProjectType>Package</Borland.ProjectType>
        <BorlandProject>
            <Delphi.Personality>
                <Source>
                    <Source Name="MainSource">JPLib.dpk</Source>
                </Source>
            </Delphi.Personality>
            <Platforms>
                <Platform value="Win32">True</Platform>
                <Platform value="Win64">True</Platform>
            </Platforms>
        </BorlandProject>
        <ProjectFileVersion>12</ProjectFileVersion>
    </ProjectExtensions>
    <Import Project="$(BDS)\Bin\CodeGear.Delphi.Targets" Condition="Exists('$(BDS)\Bin\CodeGear.Delphi.Targets')"/>
    <Import Project="$(APPDATA)\Embarcadero\$(BDSAPPDATABASEDIR)\$(PRODUCTVERSION)\UserTools.proj" Condition="Exists('$(APPDATA)\Embarcadero\$(BDSAPPDATABASEDIR)\$(PRODUCTVERSION)\UserTools.proj')"/>
</Project>
